Microsoft Visual Studio Solution File, Format Version 12.00
# Visual Studio Version 17
VisualStudioVersion = 17.5.2.0
MinimumVisualStudioVersion = 10.0.40219.1
Project("{FAE04EC0-301F-11D3-BF4B-00C04F79EFBC}") = "Dynasy", "Dynasy.csproj", "{4FD68499-0594-C3F4-04DA-4DCCC401EB45}"
EndProject
Global
	GlobalSection(SolutionConfigurationPlatforms) = preSolution
		Debug|Any CPU = Debug|Any CPU
		Release|Any CPU = Release|Any CPU
	EndGlobalSection
	GlobalSection(ProjectConfigurationPlatforms) = postSolution
		{4FD68499-0594-C3F4-04DA-4DCCC401EB45}.Debug|Any CPU.ActiveCfg = Debug|Any CPU
		{4FD68499-0594-C3F4-04DA-4DCCC401EB45}.Debug|Any CPU.Build.0 = Debug|Any CPU
		{4FD68499-0594-C3F4-04DA-4DCCC401EB45}.Release|Any CPU.ActiveCfg = Release|Any CPU
		{4FD68499-0594-C3F4-04DA-4DCCC401EB45}.Release|Any CPU.Build.0 = Release|Any CPU
	EndGlobalSection
	GlobalSection(SolutionProperties) = preSolution
		HideSolutionNode = FALSE
	EndGlobalSection
	GlobalSection(ExtensibilityGlobals) = postSolution
		SolutionGuid = {69E83D07-7757-4AC7-AA12-8504290D6957}
	EndGlobalSection
EndGlobal
